// !$*UTF8*$!
{
	archiveVersion = 1;
	classes = {
	};
	objectVersion = 46;
	objects = {

/* Begin PBXBuildFile section */
		B458099655A6A026B0514FE3 /* libPods.a in Frameworks */ = {isa = PBXBuildFile; fileRef = 2CABA4CEB09236771E0489E2 /* libPods.a */; };
		D81458F51A883B2F0070581E /* AppDelegate.swift in Sources */ = {isa = PBXBuildFile; fileRef = D81458F41A883B2F0070581E /* AppDelegate.swift */; };
		D81458FA1A883B2F0070581E /* Main.storyboard in Resources */ = {isa = PBXBuildFile; fileRef = D81458F81A883B2F0070581E /* Main.storyboard */; };
		D81458FC1A883B2F0070581E /* Images.xcassets in Resources */ = {isa = PBXBuildFile; fileRef = D81458FB1A883B2F0070581E /* Images.xcassets */; };
		D81458FF1A883B2F0070581E /* LaunchScreen.xib in Resources */ = {isa = PBXBuildFile; fileRef = D81458FD1A883B2F0070581E /* LaunchScreen.xib */; };
		D814590B1A883B2F0070581E /* rotten_tomatosTests.swift in Sources */ = {isa = PBXBuildFile; fileRef = D814590A1A883B2F0070581E /* rotten_tomatosTests.swift */; };
		D86BF49C1A8843B4006E59F0 /* MoviesViewController.swift in Sources */ = {isa = PBXBuildFile; fileRef = D86BF49B1A8843B4006E59F0 /* MoviesViewController.swift */; };
		D86BF49E1A884543006E59F0 /* MovieCell.swift in Sources */ = {isa = PBXBuildFile; fileRef = D86BF49D1A884543006E59F0 /* MovieCell.swift */; };
		D89F9A141A88998200ED6710 /* MovieDetailViewController.swift in Sources */ = {isa = PBXBuildFile; fileRef = D89F9A131A88998200ED6710 /* MovieDetailViewController.swift */; };
/* End PBXBuildFile section */

/* Begin PBXContainerItemProxy section */
		D81459051A883B2F0070581E /* PBXContainerItemProxy */ = {
			isa = PBXContainerItemProxy;
			containerPortal = D81458E71A883B2F0070581E /* Project object */;
			proxyType = 1;
			remoteGlobalIDString = D81458EE1A883B2F0070581E;
			remoteInfo = rotten_tomatos;
		};
/* End PBXContainerItemProxy section */

/* Begin PBXFileReference section */
		2CABA4CEB09236771E0489E2 /* libPods.a */ = {isa = PBXFileReference; explicitFileType = archive.ar; includeInIndex = 0; path = libPods.a; sourceTree = BUILT_PRODUCTS_DIR; };
		92F5D797291D4B93CDDE4843 /* Pods.debug.xcconfig */ = {isa = PBXFileReference; includeInIndex = 1; lastKnownFileType = text.xcconfig; name = Pods.debug.xcconfig; path = "Pods/Target Support Files/Pods/Pods.debug.xcconfig"; sourceTree = "<group>"; };
		968FB8A9AA3F6BE61374607F /* Pods.release.xcconfig */ = {isa = PBXFileReference; includeInIndex = 1; lastKnownFileType = text.xcconfig; name = Pods.release.xcconfig; path = "Pods/Target Support Files/Pods/Pods.release.xcconfig"; sourceTree = "<group>"; };
		D81458EF1A883B2F0070581E /* rotten_tomatos.app */ = {isa = PBXFileReference; explicitFileType = wrapper.application; includeInIndex = 0; path = rotten_tomatos.app; sourceTree = BUILT_PRODUCTS_DIR; };
		D81458F31A883B2F0070581E /* Info.plist */ = {isa = PBXFileReference; lastKnownFileType = text.plist.xml; path = Info.plist; sourceTree = "<group>"; };
		D81458F41A883B2F0070581E /* AppDelegate.swift */ = {isa = PBXFileReference; lastKnownFileType = sourcecode.swift; path = AppDelegate.swift; sourceTree = "<group>"; };
		D81458F91A883B2F0070581E /* Base */ = {isa = PBXFileReference; lastKnownFileType = file.storyboard; name = Base; path = Base.lproj/Main.storyboard; sourceTree = "<group>"; };
		D81458FB1A883B2F0070581E /* Images.xcassets */ = {isa = PBXFileReference; lastKnownFileType = folder.assetcatalog; path = Images.xcassets; sourceTree = "<group>"; };
		D81458FE1A883B2F0070581E /* Base */ = {isa = PBXFileReference; lastKnownFileType = file.xib; name = Base; path = Base.lproj/LaunchScreen.xib; sourceTree = "<group>"; };
		D81459041A883B2F0070581E /* rotten_tomatosTests.xctest */ = {isa = PBXFileReference; explicitFileType = wrapper.cfbundle; includeInIndex = 0; path = rotten_tomatosTests.xctest; sourceTree = BUILT_PRODUCTS_DIR; };
		D81459091A883B2F0070581E /* Info.plist */ = {isa = PBXFileReference; lastKnownFileType = text.plist.xml; path = Info.plist; sourceTree = "<group>"; };
		D814590A1A883B2F0070581E /* rotten_tomatosTests.swift */ = {isa = PBXFileReference; lastKnownFileType = sourcecode.swift; path = rotten_tomatosTests.swift; sourceTree = "<group>"; };
		D86BF49B1A8843B4006E59F0 /* MoviesViewController.swift */ = {isa = PBXFileReference; fileEncoding = 4; lastKnownFileType = sourcecode.swift; name = MoviesViewController.swift; path = ../MoviesViewController.swift; sourceTree = "<group>"; };
		D86BF49D1A884543006E59F0 /* MovieCell.swift */ = {isa = PBXFileReference; fileEncoding = 4; lastKnownFileType = sourcecode.swift; path = MovieCell.swift; sourceTree = "<group>"; };
		D89F9A101A88924A00ED6710 /* rotten_tomatos-Bridging-Header.h */ = {isa = PBXFileReference; lastKnownFileType = sourcecode.c.h; path = "rotten_tomatos-Bridging-Header.h"; sourceTree = "<group>"; };
		D89F9A131A88998200ED6710 /* MovieDetailViewController.swift */ = {isa = PBXFileReference; fileEncoding = 4; lastKnownFileType = sourcecode.swift; path = MovieDetailViewController.swift; sourceTree = "<group>"; };
/* End PBXFileReference section */

/* Begin PBXFrameworksBuildPhase section */
		D81458EC1A883B2F0070581E /* Frameworks */ = {
			isa = PBXFrameworksBuildPhase;
			buildActionMask = 2147483647;
			files = (
				B458099655A6A026B0514FE3 /* libPods.a in Frameworks */,
			);
			runOnlyForDeploymentPostprocessing = 0;
		};
		D81459011A883B2F0070581E /* Frameworks */ = {
			isa = PBXFrameworksBuildPhase;
			buildActionMask = 2147483647;
			files = (
			);
			runOnlyForDeploymentPostprocessing = 0;
		};
/* End PBXFrameworksBuildPhase section */

/* Begin PBXGroup section */
		8D535CA677FF1747F940DA67 /* Pods */ = {
			isa = PBXGroup;
			children = (
				92F5D797291D4B93CDDE4843 /* Pods.debug.xcconfig */,
				968FB8A9AA3F6BE61374607F /* Pods.release.xcconfig */,
			);
			name = Pods;
			sourceTree = "<group>";
		};
		D194F86403A7F84BE81C653A /* Frameworks */ = {
			isa = PBXGroup;
			children = (
				2CABA4CEB09236771E0489E2 /* libPods.a */,
			);
			name = Frameworks;
			sourceTree = "<group>";
		};
		D81458E61A883B2F0070581E = {
			isa = PBXGroup;
			children = (
				D81458F11A883B2F0070581E /* rotten_tomatos */,
				D81459071A883B2F0070581E /* rotten_tomatosTests */,
				D81458F01A883B2F0070581E /* Products */,
				8D535CA677FF1747F940DA67 /* Pods */,
				D194F86403A7F84BE81C653A /* Frameworks */,
			);
			sourceTree = "<group>";
		};
		D81458F01A883B2F0070581E /* Products */ = {
			isa = PBXGroup;
			children = (
				D81458EF1A883B2F0070581E /* rotten_tomatos.app */,
				D81459041A883B2F0070581E /* rotten_tomatosTests.xctest */,
			);
			name = Products;
			sourceTree = "<group>";
		};
		D81458F11A883B2F0070581E /* rotten_tomatos */ = {
			isa = PBXGroup;
			children = (
				D86BF49B1A8843B4006E59F0 /* MoviesViewController.swift */,
				D81458F41A883B2F0070581E /* AppDelegate.swift */,
				D81458F81A883B2F0070581E /* Main.storyboard */,
				D86BF49D1A884543006E59F0 /* MovieCell.swift */,
				D81458FB1A883B2F0070581E /* Images.xcassets */,
				D81458FD1A883B2F0070581E /* LaunchScreen.xib */,
				D81458F21A883B2F0070581E /* Supporting Files */,
				D89F9A101A88924A00ED6710 /* rotten_tomatos-Bridging-Header.h */,
				D89F9A131A88998200ED6710 /* MovieDetailViewController.swift */,
			);
			path = rotten_tomatos;
			sourceTree = "<group>";
		};
		D81458F21A883B2F0070581E /* Supporting Files */ = {
			isa = PBXGroup;
			children = (
				D81458F31A883B2F0070581E /* Info.plist */,
			);
			name = "Supporting Files";
			sourceTree = "<group>";
		};
		D81459071A883B2F0070581E /* rotten_tomatosTests */ = {
			isa = PBXGroup;
			children = (
				D814590A1A883B2F0070581E /* rotten_tomatosTests.swift */,
				D81459081A883B2F0070581E /* Supporting Files */,
			);
			path = rotten_tomatosTests;
			sourceTree = "<group>";
		};
		D81459081A883B2F0070581E /* Supporting Files */ = {
			isa = PBXGroup;
			children = (
				D81459091A883B2F0070581E /* Info.plist */,
			);
			name = "Supporting Files";
			sourceTree = "<group>";
		};
/* End PBXGroup section */

/* Begin PBXNativeTarget section */
		D81458EE1A883B2F0070581E /* rotten_tomatos */ = {
			isa = PBXNativeTarget;
			buildConfigurationList = D814590E1A883B2F0070581E /* Build configuration list for PBXNativeTarget "rotten_tomatos" */;
			buildPhases = (
				679791ACF06C4A64A5E54482 /* Check Pods Manifest.lock */,
				D81458EB1A883B2F0070581E /* Sources */,
				D81458EC1A883B2F0070581E /* Frameworks */,
				D81458ED1A883B2F0070581E /* Resources */,
				4FA8719CFC7B018ACCBB1766 /* Copy Pods Resources */,
			);
			buildRules = (
			);
			dependencies = (
			);
			name = rotten_tomatos;
			productName = rotten_tomatos;
			productReference = D81458EF1A883B2F0070581E /* rotten_tomatos.app */;
			productType = "com.apple.product-type.application";
		};
		D81459031A883B2F0070581E /* rotten_tomatosTests */ = {
			isa = PBXNativeTarget;
			buildConfigurationList = D81459111A883B2F0070581E /* Build configuration list for PBXNativeTarget "rotten_tomatosTests" */;
			buildPhases = (
				D81459001A883B2F0070581E /* Sources */,
				D81459011A883B2F0070581E /* Frameworks */,
				D81459021A883B2F0070581E /* Resources */,
			);
			buildRules = (
			);
			dependencies = (
				D81459061A883B2F0070581E /* PBXTargetDependency */,
			);
			name = rotten_tomatosTests;
			productName = rotten_tomatosTests;
			productReference = D81459041A883B2F0070581E /* rotten_tomatosTests.xctest */;
			productType = "com.apple.product-type.bundle.unit-test";
		};
/* End PBXNativeTarget section */

/* Begin PBXProject section */
		D81458E71A883B2F0070581E /* Project object */ = {
			isa = PBXProject;
			attributes = {
				LastUpgradeCheck = 0610;
				ORGANIZATIONNAME = "Nathan Rapheld";
				TargetAttributes = {
					D81458EE1A883B2F0070581E = {
						CreatedOnToolsVersion = 6.1.1;
					};
					D81459031A883B2F0070581E = {
						CreatedOnToolsVersion = 6.1.1;
						TestTargetID = D81458EE1A883B2F0070581E;
					};
				};
			};
			buildConfigurationList = D81458EA1A883B2F0070581E /* Build configuration list for PBXProject "rotten_tomatos" */;
			compatibilityVersion = "Xcode 3.2";
			developmentRegion = English;
			hasScannedForEncodings = 0;
			knownRegions = (
				en,
				Base,
			);
			mainGroup = D81458E61A883B2F0070581E;
			productRefGroup = D81458F01A883B2F0070581E /* Products */;
			projectDirPath = "";
			projectRoot = "";
			targets = (
				D81458EE1A883B2F0070581E /* rotten_tomatos */,
				D81459031A883B2F0070581E /* rotten_tomatosTests */,
			);
		};
/* End PBXProject section */

/* Begin PBXResourcesBuildPhase section */
		D81458ED1A883B2F0070581E /* Resources */ = {
			isa = PBXResourcesBuildPhase;
			buildActionMask = 2147483647;
			files = (
				D81458FA1A883B2F0070581E /* Main.storyboard in Resources */,
				D81458FF1A883B2F0070581E /* LaunchScreen.xib in Resources */,
				D81458FC1A883B2F0070581E /* Images.xcassets in Resources */,
			);
			runOnlyForDeploymentPostprocessing = 0;
		};
		D81459021A883B2F0070581E /* Resources */ = {
			isa = PBXResourcesBuildPhase;
			buildActionMask = 2147483647;
			files = (
			);
			runOnlyForDeploymentPostprocessing = 0;
		};
/* End PBXResourcesBuildPhase section */

/* Begin PBXShellScriptBuildPhase section */
		4FA8719CFC7B018ACCBB1766 /* Copy Pods Resources */ = {
			isa = PBXShellScriptBuildPhase;
			buildActionMask = 2147483647;
			files = (
			);
			inputPaths = (
			);
			name = "Copy Pods Resources";
			outputPaths = (
			);
			runOnlyForDeploymentPostprocessing = 0;
			shellPath = /bin/sh;
			shellScript = "\"${SRCROOT}/Pods/Target Support Files/Pods/Pods-resources.sh\"\n";
			showEnvVarsInLog = 0;
		};
		679791ACF06C4A64A5E54482 /* Check Pods Manifest.lock */ = {
			isa = PBXShellScriptBuildPhase;
			buildActionMask = 2147483647;
			files = (
			);
			inputPaths = (
			);
			name = "Check Pods Manifest.lock";
			outputPaths = (
			);
			runOnlyForDeploymentPostprocessing = 0;
			shellPath = /bin/sh;
			shellScript = "diff \"${PODS_ROOT}/../Podfile.lock\" \"${PODS_ROOT}/Manifest.lock\" > /dev/null\nif [[ $? != 0 ]] ; then\n    cat << EOM\nerror: The sandbox is not in sync with the Podfile.lock. Run 'pod install' or update your CocoaPods installation.\nEOM\n    exit 1\nfi\n";
			showEnvVarsInLog = 0;
		};
/* End PBXShellScriptBuildPhase section */

/* Begin PBXSourcesBuildPhase section */
		D81458EB1A883B2F0070581E /* Sources */ = {
			isa = PBXSourcesBuildPhase;
			buildActionMask = 2147483647;
			files = (
				D89F9A141A88998200ED6710 /* MovieDetailViewController.swift in Sources */,
				D81458F51A883B2F0070581E /* AppDelegate.swift in Sources */,
				D86BF49C1A8843B4006E59F0 /* MoviesViewController.swift in Sources */,
				D86BF49E1A884543006E59F0 /* MovieCell.swift in Sources */,
			);
			runOnlyForDeploymentPostprocessing = 0;
		};
		D81459001A883B2F0070581E /* Sources */ = {
			isa = PBXSourcesBuildPhase;
			buildActionMask = 2147483647;
			files = (
				D814590B1A883B2F0070581E /* rotten_tomatosTests.swift in Sources */,
			);
			runOnlyForDeploymentPostprocessing = 0;
		};
/* End PBXSourcesBuildPhase section */

/* Begin PBXTargetDependency section */
		D81459061A883B2F0070581E /* PBXTargetDependency */ = {
			isa = PBXTargetDependency;
			target = D81458EE1A883B2F0070581E /* rotten_tomatos */;
			targetProxy = D81459051A883B2F0070581E /* PBXContainerItemProxy */;
		};
/* End PBXTargetDependency section */

/* Begin PBXVariantGroup section */
		D81458F81A883B2F0070581E /* Main.storyboard */ = {
			isa = PBXVariantGroup;
			children = (
				D81458F91A883B2F0070581E /* Base */,
			);
			name = Main.storyboard;
			sourceTree = "<group>";
		};
		D81458FD1A883B2F0070581E /* LaunchScreen.xib */ = {
			isa = PBXVariantGroup;
			children = (
				D81458FE1A883B2F0070581E /* Base */,
			);
			name = LaunchScreen.xib;
			sourceTree = "<group>";
		};
/* End PBXVariantGroup section */

/* Begin XCBuildConfiguration section */
		D814590C1A883B2F0070581E /* Debug */ = {
			isa = XCBuildConfiguration;
			buildSettings = {
				ALWAYS_SEARCH_USER_PATHS = NO;
				CLANG_CXX_LANGUAGE_STANDARD = "gnu++0x";
				CLANG_CXX_LIBRARY = "libc++";
				CLANG_ENABLE_MODULES = YES;
				CLANG_ENABLE_OBJC_ARC = YES;
				CLANG_WARN_BOOL_CONVERSION = YES;
				CLANG_WARN_CONSTANT_CONVERSION = YES;
				CLANG_WARN_DIRECT_OBJC_ISA_USAGE = YES_ERROR;
				CLANG_WARN_EMPTY_BODY = YES;
				CLANG_WARN_ENUM_CONVERSION = YES;
				CLANG_WARN_INT_CONVERSION = YES;
				CLANG_WARN_OBJC_ROOT_CLASS = YES_ERROR;
				CLANG_WARN_UNREACHABLE_CODE = YES;
				CLANG_WARN__DUPLICATE_METHOD_MATCH = YES;
				"CODE_SIGN_IDENTITY[sdk=iphoneos*]" = "iPhone Developer";
				COPY_PHASE_STRIP = NO;
				ENABLE_STRICT_OBJC_MSGSEND = YES;
				GCC_C_LANGUAGE_STANDARD = gnu99;
				GCC_DYNAMIC_NO_PIC = NO;
				GCC_OPTIMIZATION_LEVEL = 0;
				GCC_PREPROCESSOR_DEFINITIONS = (
					"DEBUG=1",
					"$(inherited)",
				);
				GCC_SYMBOLS_PRIVATE_EXTERN = NO;
				GCC_WARN_64_TO_32_BIT_CONVERSION = YES;
				GCC_WARN_ABOUT_RETURN_TYPE = YES_ERROR;
				GCC_WARN_UNDECLARED_SELECTOR = YES;
				GCC_WARN_UNINITIALIZED_AUTOS = YES_AGGRESSIVE;
				GCC_WARN_UNUSED_FUNCTION = YES;
				GCC_WARN_UNUSED_VARIABLE = YES;
				IPHONEOS_DEPLOYMENT_TARGET = 8.1;
				MTL_ENABLE_DEBUG_INFO = YES;
				ONLY_ACTIVE_ARCH = YES;
				SDKROOT = iphoneos;
				SWIFT_OPTIMIZATION_LEVEL = "-Onone";
			};
			name = Debug;
		};
		D814590D1A883B2F0070581E /* Release */ = {
			isa = XCBuildConfiguration;
			buildSettings = {
				ALWAYS_SEARCH_USER_PATHS = NO;
				CLANG_CXX_LANGUAGE_STANDARD = "gnu++0x";
				CLANG_CXX_LIBRARY = "libc++";
				CLANG_ENABLE_MODULES = YES;
				CLANG_ENABLE_OBJC_ARC = YES;
				CLANG_WARN_BOOL_CONVERSION = YES;
				CLANG_WARN_CONSTANT_CONVERSION = YES;
				CLANG_WARN_DIRECT_OBJC_ISA_USAGE = YES_ERROR;
				CLANG_WARN_EMPTY_BODY = YES;
				CLANG_WARN_ENUM_CONVERSION = YES;
				CLANG_WARN_INT_CONVERSION = YES;
				CLANG_WARN_OBJC_ROOT_CLASS = YES_ERROR;
				CLANG_WARN_UNREACHABLE_CODE = YES;
				CLANG_WARN__DUPLICATE_METHOD_MATCH = YES;
				"CODE_SIGN_IDENTITY[sdk=iphoneos*]" = "iPhone Developer";
				COPY_PHASE_STRIP = YES;
				ENABLE_NS_ASSERTIONS = NO;
				ENABLE_STRICT_OBJC_MSGSEND = YES;
				GCC_C_LANGUAGE_STANDARD = gnu99;
				GCC_WARN_64_TO_32_BIT_CONVERSION = YES;
				GCC_WARN_ABOUT_RETURN_TYPE = YES_ERROR;
				GCC_WARN_UNDECLARED_SELECTOR = YES;
				GCC_WARN_UNINITIALIZED_AUTOS = YES_AGGRESSIVE;
				GCC_WARN_UNUSED_FUNCTION = YES;
				GCC_WARN_UNUSED_VARIABLE = YES;
				IPHONEOS_DEPLOYMENT_TARGET = 8.1;
				MTL_ENABLE_DEBUG_INFO = NO;
				SDKROOT = iphoneos;
				VALIDATE_PRODUCT = YES;
			};
			name = Release;
		};
		D814590F1A883B2F0070581E /* Debug */ = {
			isa = XCBuildConfiguration;
			baseConfigurationReference = 92F5D797291D4B93CDDE4843 /* Pods.debug.xcconfig */;
			buildSettings = {
				ASSETCATALOG_COMPILER_APPICON_NAME = AppIcon;
				CLANG_ENABLE_MODULES = YES;
				INFOPLIST_FILE = rotten_tomatos/Info.plist;
				LD_RUNPATH_SEARCH_PATHS = "$(inherited) @executable_path/Frameworks";
				PRODUCT_NAME = "$(TARGET_NAME)";
				SWIFT_OBJC_BRIDGING_HEADER = "rotten_tomatos/rotten_tomatos-Bridging-Header.h";
				SWIFT_OPTIMIZATION_LEVEL = "-Onone";
			};
			name = Debug;
		};
		D81459101A883B2F0070581E /* Release */ = {
			isa = XCBuildConfiguration;
			baseConfigurationReference = 968FB8A9AA3F6BE61374607F /* Pods.release.xcconfig */;
			buildSettings = {
				ASSETCATALOG_COMPILER_APPICON_NAME = AppIcon;
				CLANG_ENABLE_MODULES = YES;
				INFOPLIST_FILE = rotten_tomatos/Info.plist;
				LD_RUNPATH_SEARCH_PATHS = "$(inherited) @executable_path/Frameworks";
				PRODUCT_NAME = "$(TARGET_NAME)";
				SWIFT_OBJC_BRIDGING_HEADER = "rotten_tomatos/rotten_tomatos-Bridging-Header.h";
			};
			name = Release;
		};
		D81459121A883B2F0070581E /* Debug */ = {
			isa = XCBuildConfiguration;
			buildSettings = {
				BUNDLE_LOADER = "$(TEST_HOST)";
				FRAMEWORK_SEARCH_PATHS = (
					"$(SDKROOT)/Developer/Library/Frameworks",
					"$(inherited)",
				);
				GCC_PREPROCESSOR_DEFINITIONS = (
					"DEBUG=1",
					"$(inherited)",
				);
				INFOPLIST_FILE = rotten_tomatosTests/Info.plist;
				LD_RUNPATH_SEARCH_PATHS = "$(inherited) @executable_path/Frameworks @loader_path/Frameworks";
				PRODUCT_NAME = "$(TARGET_NAME)";
				TEST_HOST = "$(BUILT_PRODUCTS_DIR)/rotten_tomatos.app/rotten_tomatos";
			};
			name = Debug;
		};
		D81459131A883B2F0070581E /* Release */ = {
			isa = XCBuildConfiguration;
			buildSettings = {
				BUNDLE_LOADER = "$(TEST_HOST)";
				FRAMEWORK_SEARCH_PATHS = (
					"$(SDKROOT)/Developer/Library/Frameworks",
					"$(inherited)",
				);
				INFOPLIST_FILE = rotten_tomatosTests/Info.plist;
				LD_RUNPATH_SEARCH_PATHS = "$(inherited) @executable_path/Frameworks @loader_path/Frameworks";
				PRODUCT_NAME = "$(TARGET_NAME)";
				TEST_HOST = "$(BUILT_PRODUCTS_DIR)/rotten_tomatos.app/rotten_tomatos";
			};
			name = Release;
		};
/* End XCBuildConfiguration section */

/* Begin XCConfigurationList section */
		D81458EA1A883B2F0070581E /* Build configuration list for PBXProject "rotten_tomatos" */ = {
			isa = XCConfigurationList;
			buildConfigurations = (
				D814590C1A883B2F0070581E /* Debug */,
				D814590D1A883B2F0070581E /* Release */,
			);
			defaultConfigurationIsVisible = 0;
			defaultConfigurationName = Release;
		};
		D814590E1A883B2F0070581E /* Build configuration list for PBXNativeTarget "rotten_tomatos" */ = {
			isa = XCConfigurationList;
			buildConfigurations = (
				D814590F1A883B2F0070581E /* Debug */,
				D81459101A883B2F0070581E /* Release */,
			);
			defaultConfigurationIsVisible = 0;
			defaultConfigurationName = Release;
		};
		D81459111A883B2F0070581E /* Build configuration list for PBXNativeTarget "rotten_tomatosTests" */ = {
			isa = XCConfigurationList;
			buildConfigurations = (
				D81459121A883B2F0070581E /* Debug */,
				D81459131A883B2F0070581E /* Release */,
			);
			defaultConfigurationIsVisible = 0;
			defaultConfigurationName = Release;
		};
/* End XCConfigurationList section */
	};
	rootObject = D81458E71A883B2F0070581E /* Project object */;
}
